{
  "format_version": "1.2",
  "terraform_version": "1.8.1",
  "variables": {
    "aws_region": {
      "value": "us-east-1"
    }
  },
  "planned_values": {
    "root_module": {
      "resources": [
        {
          "address": "aws_s3_bucket.my_public_bucket",
          "mode": "managed",
          "type": "aws_s3_bucket",
          "name": "my_public_bucket",
          "provider_name": "registry.terraform.io/hashicorp/aws",
          "schema_version": 0,
          "values": {
            "bucket": "my-unique-public-bucket-name",
            "force_destroy": false,
            "tags": {
              "Environment": "Production",
              "Name": "My Public S3 Bucket"
            },
            "tags_all": {
              "Environment": "Production",
              "Name": "My Public S3 Bucket"
            },
            "timeouts": null
          },
          "sensitive_values": {
            "cors_rule": [],
            "grant": [],
            "lifecycle_rule": [],
            "logging": [],
            "object_lock_configuration": [],
            "replication_configuration": [],
            "server_side_encryption_configuration": [],
            "tags": {},
            "tags_all": {},
            "versioning": [],
            "website": []
          }
        },
        {
          "address": "aws_s3_bucket_acl.my_public_bucket_acl",
          "mode": "managed",
          "type": "aws_s3_bucket_acl",
          "name": "my_public_bucket_acl",
          "provider_name": "registry.terraform.io/hashicorp/aws",
          "schema_version": 0,
          "values": {
            "acl": "private",
            "expected_bucket_owner": null
          },
          "sensitive_values": {
            "access_control_policy": []
          }
        }
      ]
    }
  },
  "resource_changes": [
    {
      "address": "aws_s3_bucket.my_public_bucket",
      "mode": "managed",
      "type": "aws_s3_bucket",
      "name": "my_public_bucket",
      "provider_name": "registry.terraform.io/hashicorp/aws",
      "change": {
        "actions": [
          "create"
        ],
        "before": null,
        "after": {
          "bucket": "my-unique-public-bucket-name",
          "force_destroy": false,
          "tags": {
            "Environment": "Production",
            "Name": "My Public S3 Bucket"
          },
          "tags_all": {
            "Environment": "Production",
            "Name": "My Public S3 Bucket"
          },
          "timeouts": null
        },
        "after_unknown": {
          "acceleration_status": true,
          "acl": true,
          "arn": true,
          "bucket_domain_name": true,
          "bucket_prefix": true,
          "bucket_regional_domain_name": true,
          "cors_rule": true,
          "grant": true,
          "hosted_zone_id": true,
          "id": true,
          "lifecycle_rule": true,
          "logging": true,
          "object_lock_configuration": true,
          "object_lock_enabled": true,
          "policy": true,
          "region": true,
          "replication_configuration": true,
          "request_payer": true,
          "server_side_encryption_configuration": true,
          "tags": {},
          "tags_all": {},
          "versioning": true,
          "website": true,
          "website_domain": true,
          "website_endpoint": true
        },
        "before_sensitive": false,
        "after_sensitive": {
          "cors_rule": [],
          "grant": [],
          "lifecycle_rule": [],
          "logging": [],
          "object_lock_configuration": [],
          "replication_configuration": [],
          "server_side_encryption_configuration": [],
          "tags": {},
          "tags_all": {},
          "versioning": [],
          "website": []
        }
      }
    },
    {
      "address": "aws_s3_bucket_acl.my_public_bucket_acl",
      "mode": "managed",
      "type": "aws_s3_bucket_acl",
      "name": "my_public_bucket_acl",
      "provider_name": "registry.terraform.io/hashicorp/aws",
      "change": {
        "actions": [
          "create"
        ],
        "before": null,
        "after": {
          "acl": "private",
          "expected_bucket_owner": null
        },
        "after_unknown": {
          "access_control_policy": true,
          "bucket": true,
          "id": true
        },
        "before_sensitive": false,
        "after_sensitive": {
          "access_control_policy": []
        }
      }
    }
  ],
  "configuration": {
    "provider_config": {
      "aws": {
        "name": "aws",
        "full_name": "registry.terraform.io/hashicorp/aws",
        "version_constraint": ">= 3.68.0",
        "expressions": {
          "region": {
            "references": [
              "var.aws_region"
            ]
          }
        }
      }
    },
    "root_module": {
      "resources": [
        {
          "address": "aws_s3_bucket.my_public_bucket",
          "mode": "managed",
          "type": "aws_s3_bucket",
          "name": "my_public_bucket",
          "provider_config_key": "aws",
          "expressions": {
            "bucket": {
              "constant_value": "my-unique-public-bucket-name"
            },
            "tags": {
              "constant_value": {
                "Environment": "Production",
                "Name": "My Public S3 Bucket"
              }
            }
          },
          "schema_version": 0
        },
        {
          "address": "aws_s3_bucket_acl.my_public_bucket_acl",
          "mode": "managed",
          "type": "aws_s3_bucket_acl",
          "name": "my_public_bucket_acl",
          "provider_config_key": "aws",
          "expressions": {
            "acl": {
              "constant_value": "private"
            },
            "bucket": {
              "references": [
                "aws_s3_bucket.my_public_bucket.id",
                "aws_s3_bucket.my_public_bucket"
              ]
            }
          },
          "schema_version": 0
        }
      ],
      "variables": {
        "aws_region": {
          "default": "us-east-1",
          "description": "AWS region"
        }
      }
    }
  },
  "relevant_attributes": [
    {
      "resource": "aws_s3_bucket.my_public_bucket",
      "attribute": [
        "id"
      ]
    }
  ],
  "timestamp": "2024-11-11T06:44:43Z",
  "applyable": true,
  "complete": true,
  "errored": false
}
